
Microsoft Visual Studio Solution File, Format Version 12.00
# Visual Studio Version 16
VisualStudioVersion = 16.0.30114.105
MinimumVisualStudioVersion = 10.0.40219.1
Project("{2150E333-8FDC-42A3-9474-1A3956D46DE8}") = "src", "src", "{C4373E35-E36B-4CE7-8006-0FE86E86FBDF}"
EndProject
Project("{9A19103F-16F7-4668-BE54-9A1E7A4F7556}") = "Contatos.Application", "src\Contatos.Application\Contatos.Application.csproj", "{6F999AE7-C750-49EB-8F21-3A9F5559A406}"
EndProject
Project("{9A19103F-16F7-4668-BE54-9A1E7A4F7556}") = "Contatos.Domain", "src\Contatos.Domain\Contatos.Domain.csproj", "{58EDF632-8FAE-401D-84A9-A4403CAC7AF9}"
EndProject
Project("{9A19103F-16F7-4668-BE54-9A1E7A4F7556}") = "Contatos.Infra", "src\Contatos.Infra\Contatos.Infra.csproj", "{26B26DCA-0F15-4668-A512-D220614F370E}"
EndProject
Project("{9A19103F-16F7-4668-BE54-9A1E7A4F7556}") = "Contatos.Web", "src\Contatos.Web\Contatos.Web.csproj", "{9DF746A5-7833-4343-B74E-142D73BED9D6}"
EndProject
Project("{2150E333-8FDC-42A3-9474-1A3956D46DE8}") = "Solution Items", "Solution Items", "{B38C1889-C519-41BF-A827-E3E80EBC4849}"
	ProjectSection(SolutionItems) = preProject
		.gitignore = .gitignore
	EndProjectSection
EndProject
Global
	GlobalSection(SolutionConfigurationPlatforms) = preSolution
		Debug|Any CPU = Debug|Any CPU
		Release|Any CPU = Release|Any CPU
	EndGlobalSection
	GlobalSection(ProjectConfigurationPlatforms) = postSolution
		{6F999AE7-C750-49EB-8F21-3A9F5559A406}.Debug|Any CPU.ActiveCfg = Debug|Any CPU
		{6F999AE7-C750-49EB-8F21-3A9F5559A406}.Debug|Any CPU.Build.0 = Debug|Any CPU
		{6F999AE7-C750-49EB-8F21-3A9F5559A406}.Release|Any CPU.ActiveCfg = Release|Any CPU
		{6F999AE7-C750-49EB-8F21-3A9F5559A406}.Release|Any CPU.Build.0 = Release|Any CPU
		{58EDF632-8FAE-401D-84A9-A4403CAC7AF9}.Debug|Any CPU.ActiveCfg = Debug|Any CPU
		{58EDF632-8FAE-401D-84A9-A4403CAC7AF9}.Debug|Any CPU.Build.0 = Debug|Any CPU
		{58EDF632-8FAE-401D-84A9-A4403CAC7AF9}.Release|Any CPU.ActiveCfg = Release|Any CPU
		{58EDF632-8FAE-401D-84A9-A4403CAC7AF9}.Release|Any CPU.Build.0 = Release|Any CPU
		{26B26DCA-0F15-4668-A512-D220614F370E}.Debug|Any CPU.ActiveCfg = Debug|Any CPU
		{26B26DCA-0F15-4668-A512-D220614F370E}.Debug|Any CPU.Build.0 = Debug|Any CPU
		{26B26DCA-0F15-4668-A512-D220614F370E}.Release|Any CPU.ActiveCfg = Release|Any CPU
		{26B26DCA-0F15-4668-A512-D220614F370E}.Release|Any CPU.Build.0 = Release|Any CPU
		{9DF746A5-7833-4343-B74E-142D73BED9D6}.Debug|Any CPU.ActiveCfg = Debug|Any CPU
		{9DF746A5-7833-4343-B74E-142D73BED9D6}.Debug|Any CPU.Build.0 = Debug|Any CPU
		{9DF746A5-7833-4343-B74E-142D73BED9D6}.Release|Any CPU.ActiveCfg = Release|Any CPU
		{9DF746A5-7833-4343-B74E-142D73BED9D6}.Release|Any CPU.Build.0 = Release|Any CPU
	EndGlobalSection
	GlobalSection(SolutionProperties) = preSolution
		HideSolutionNode = FALSE
	EndGlobalSection
	GlobalSection(NestedProjects) = preSolution
		{6F999AE7-C750-49EB-8F21-3A9F5559A406} = {C4373E35-E36B-4CE7-8006-0FE86E86FBDF}
		{58EDF632-8FAE-401D-84A9-A4403CAC7AF9} = {C4373E35-E36B-4CE7-8006-0FE86E86FBDF}
		{26B26DCA-0F15-4668-A512-D220614F370E} = {C4373E35-E36B-4CE7-8006-0FE86E86FBDF}
		{9DF746A5-7833-4343-B74E-142D73BED9D6} = {C4373E35-E36B-4CE7-8006-0FE86E86FBDF}
	EndGlobalSection
	GlobalSection(ExtensibilityGlobals) = postSolution
		SolutionGuid = {DCF8C710-6292-405A-B994-F76BACDB8017}
	EndGlobalSection
EndGlobal
